
Microsoft Visual Studio Solution File, Format Version 12.00
# Visual Studio Version 17
VisualStudioVersion = 17.14.36414.22 d17.14
MinimumVisualStudioVersion = 10.0.40219.1
Project("{888888A0-9F3D-457C-B088-3A5042F75D52}") = "typing practice", "typing practice\typing practice.pyproj", "{029F663D-BD7E-4A82-9932-3FAF85C40176}"
EndProject
Global
	GlobalSection(SolutionConfigurationPlatforms) = preSolution
		Debug|Any CPU = Debug|Any CPU
		Release|Any CPU = Release|Any CPU
	EndGlobalSection
	GlobalSection(ProjectConfigurationPlatforms) = postSolution
		{029F663D-BD7E-4A82-9932-3FAF85C40176}.Debug|Any CPU.ActiveCfg = Debug|Any CPU
		{029F663D-BD7E-4A82-9932-3FAF85C40176}.Release|Any CPU.ActiveCfg = Release|Any CPU
	EndGlobalSection
	GlobalSection(SolutionProperties) = preSolution
		HideSolutionNode = FALSE
	EndGlobalSection
	GlobalSection(ExtensibilityGlobals) = postSolution
		SolutionGuid = {BF4E484A-7E35-488C-93EF-0A7405B70591}
	EndGlobalSection
EndGlobal
